
Microsoft Visual Studio Solution File, Format Version 12.00
# Visual Studio Version 17
VisualStudioVersion = 17.11.35222.181
MinimumVisualStudioVersion = 10.0.40219.1
Project("{FAE04EC0-301F-11D3-BF4B-00C04F79EFBC}") = "BLOK-PROG-A6", "BLOK-PROG-A6.csproj", "{D201BBAC-F55B-445F-A87F-C5D4DA199D04}"
EndProject
Global
	GlobalSection(SolutionConfigurationPlatforms) = preSolution
		Debug|Any CPU = Debug|Any CPU
		Release|Any CPU = Release|Any CPU
	EndGlobalSection
	GlobalSection(ProjectConfigurationPlatforms) = postSolution
		{D201BBAC-F55B-445F-A87F-C5D4DA199D04}.Debug|Any CPU.ActiveCfg = Debug|Any CPU
		{D201BBAC-F55B-445F-A87F-C5D4DA199D04}.Debug|Any CPU.Build.0 = Debug|Any CPU
		{D201BBAC-F55B-445F-A87F-C5D4DA199D04}.Release|Any CPU.ActiveCfg = Release|Any CPU
		{D201BBAC-F55B-445F-A87F-C5D4DA199D04}.Release|Any CPU.Build.0 = Release|Any CPU
	EndGlobalSection
	GlobalSection(SolutionProperties) = preSolution
		HideSolutionNode = FALSE
	EndGlobalSection
	GlobalSection(ExtensibilityGlobals) = postSolution
		SolutionGuid = {12EA7C27-8E25-43C4-B715-00DBEB042494}
	EndGlobalSection
EndGlobal
