
Microsoft Visual Studio Solution File, Format Version 12.00
# Visual Studio Version 17
VisualStudioVersion = 17.11.35222.181
MinimumVisualStudioVersion = 10.0.40219.1
Project("{FAE04EC0-301F-11D3-BF4B-00C04F79EFBC}") = "BLOK-PROG-A5", "BLOK-PROG-A5\BLOK-PROG-A5.csproj", "{1878D18A-26D5-4628-ABFF-058FC6F90C00}"
EndProject
Global
	GlobalSection(SolutionConfigurationPlatforms) = preSolution
		Debug|Any CPU = Debug|Any CPU
		Release|Any CPU = Release|Any CPU
	EndGlobalSection
	GlobalSection(ProjectConfigurationPlatforms) = postSolution
		{1878D18A-26D5-4628-ABFF-058FC6F90C00}.Debug|Any CPU.ActiveCfg = Debug|Any CPU
		{1878D18A-26D5-4628-ABFF-058FC6F90C00}.Debug|Any CPU.Build.0 = Debug|Any CPU
		{1878D18A-26D5-4628-ABFF-058FC6F90C00}.Release|Any CPU.ActiveCfg = Release|Any CPU
		{1878D18A-26D5-4628-ABFF-058FC6F90C00}.Release|Any CPU.Build.0 = Release|Any CPU
	EndGlobalSection
	GlobalSection(SolutionProperties) = preSolution
		HideSolutionNode = FALSE
	EndGlobalSection
	GlobalSection(ExtensibilityGlobals) = postSolution
		SolutionGuid = {4F65D925-395F-4756-AB84-E1F685122703}
	EndGlobalSection
EndGlobal
